# THIS IS AN AUTOGENERATED FILE. DO NOT EDIT THIS FILE DIRECTLY.
# yarn lockfile v1


"@emmetio/extract-abbreviation@0.1.6":
  version "0.1.6"
  resolved "https://registry.yarnpkg.com/@emmetio/extract-abbreviation/-/extract-abbreviation-0.1.6.tgz#e4a9856c1057f0aff7d443b8536477c243abe28c"
  integrity sha512-Ce3xE2JvTSEbASFbRbA1gAIcMcZWdS2yUYRaQbeM0nbOzaZrUYfa3ePtcriYRZOZmr+CkKA+zbjhvTpIOAYVcw==

"@zeit/ncc@^0.22.3":
  version "0.22.3"
  resolved "https://registry.yarnpkg.com/@zeit/ncc/-/ncc-0.22.3.tgz#fca6b86b4454ce7a7e1e7e755165ec06457f16cd"
  integrity sha512-jnCLpLXWuw/PAiJiVbLjA8WBC0IJQbFeUwF4I9M+23MvIxTxk5pD4Q8byQBSPmHQjz5aBoA7AKAElQxMpjrCLQ==

balanced-match@^1.0.0:
  version "1.0.2"
  resolved "https://registry.yarnpkg.com/balanced-match/-/balanced-match-1.0.2.tgz#e83e3a7e3f300b34cb9d87f615fa0cbf357690ee"
  integrity sha512-3oSeUO0TMV67hN1AmbXsK4yaqU7tjiHlbxRDZOpH0KW9+CeX4bRAaX0Anxt0tx2MrpRpWwQaPwIlISEJhYU5Pw==

brace-expansion@^1.1.7:
  version "1.1.11"
  resolved "https://registry.yarnpkg.com/brace-expansion/-/brace-expansion-1.1.11.tgz#3c7fcbf529d87226f3d2f52b966ff5271eb441dd"
  integrity sha512-iCuPHDFgrHX7H2vEI/5xpz07zSHB00TpugqhmYtVmMO6518mCuRMoOYFldEBl0g187ufozdaHgWKcYFb61qGiA==
  dependencies:
    balanced-match "^1.0.0"
    concat-map "0.0.1"

coc-css@>=1.2.6:
  version "1.3.0"
  resolved "https://registry.yarnpkg.com/coc-css/-/coc-css-1.3.0.tgz#9fb85490b203dd1d3960d4cadc29b8b97178ef3f"
  integrity sha512-adpUCwj1sFK+6RFXVDUYZe3oC+I1dre4XoWVZY7H05Fn7r7sa5QbpQ/F+kIce2sveQbsVoLTR7mfr18wH7Ru+w==

coc-elixir@>=0.7.0:
  version "0.7.0"
  resolved "https://registry.yarnpkg.com/coc-elixir/-/coc-elixir-0.7.0.tgz#cd1033ea18214ff9039ad465fbeaee77ebafe28f"
  integrity sha512-Wn/7fOYm6Tw7wDha1lQonN4O6NLHSmp7ZY1eAmEFZDYBpVsLG6I0WdQACbI7cpe4Jt5dH4g7D1IvtfL1jDbN9A==

coc-eslint@>=1.4.5:
  version "1.5.2"
  resolved "https://registry.yarnpkg.com/coc-eslint/-/coc-eslint-1.5.2.tgz#703c724a300dcfc6ecc7368b1d7d9ce2a67f4a8d"
  integrity sha512-Cg4Ys7D2EhxweGBdSJn75Q8nNxU41A6T1pWSc0gxmn+jodL98+jCkA2XGtdN41/c7/R+OJXr0scifwpugmWM3g==

coc-html@>=1.4.1:
  version "1.6.0"
  resolved "https://registry.yarnpkg.com/coc-html/-/coc-html-1.6.0.tgz#b374a8642a34fd0cafc076e7074f661209c418cd"
  integrity sha512-35GNTm7rE9SypgtLZYS7PCyZZ+HDpRDAS/aHGeghqqmulPljvPXb59YArGzUTLaqaiDwDBAzxHH0Fle0uXSwqA==
  dependencies:
    typescript "^4.3"

coc-json@>=1.3.6:
  version "1.4.1"
  resolved "https://registry.yarnpkg.com/coc-json/-/coc-json-1.4.1.tgz#3cdbefd95ca7418324d2e36e3674af4b5d171cfd"
  integrity sha512-yLHeA46XFmglKiGJSiRgCcEIGMFD6iYIN/xSSXHJiUoW8kMHkoIdXxMjzE1zCaogH8uVa26mrfNYw90UyhSD4w==

coc-pyright@>=1.1.220:
  version "1.1.232"
  resolved "https://registry.yarnpkg.com/coc-pyright/-/coc-pyright-1.1.232.tgz#5baf4d1aad1c5b74ac2ce7fbf530476107c5c960"
  integrity sha512-1ytGBG4gmz/M/6guRKUvTSltXDpoWlcbqq7RsMi3fFEBhYvSQVpy3MkKgxjkJNVbp+YKuJpcuNAhCIjq0+BHAg==
  dependencies:
    pyright "^1.1.232"

coc-rls@>=1.1.6:
  version "1.1.6"
  resolved "https://registry.yarnpkg.com/coc-rls/-/coc-rls-1.1.6.tgz#0f7172bb9d43dbd19157a2a3153a338bac8276c9"
  integrity sha512-/XUM5UjOtnVBHghxBtwHz6C2lWnWgF8kX2+uocc356c2Bn8msQa6mrN0lijhlpDlsomSMPkGpZiY4zS1tNakMw==

coc-rust-analyzer@>=0.60.0:
  version "0.61.2"
  resolved "https://registry.yarnpkg.com/coc-rust-analyzer/-/coc-rust-analyzer-0.61.2.tgz#6a0e7be0c74add2ca3f0128d63c93eaa4e416fe9"
  integrity sha512-qFVrmFNls2WsLtfgGlChm+mKpQc5lypxhjHgELslQbKBKSEZHpV4OfpknTpCjocSHpP0HFgIKiDVVwC2wsW0PA==

coc-styled-components@>=0.5.0:
  version "0.5.0"
  resolved "https://registry.yarnpkg.com/coc-styled-components/-/coc-styled-components-0.5.0.tgz#296ff4c4aac23ce9fd3079f40cfd2cf4bc355a0b"
  integrity sha512-fu6llxytiAIFbyvhNxmoZsyhs8jqnCrH+8pyRL2aqmkrz1NZ6sN80qrEafgu+JXmuJH4jI32O2yFNq0UK02PZw==
  dependencies:
    typescript-styled-plugin "^0.17.0"

"coc-tailwind-intellisense@https://github.com/rodrigore/coc-tailwind-intellisense":
  version "0.5.0"
  resolved "https://github.com/rodrigore/coc-tailwind-intellisense#129fbd9dc33f6f7d3daa5e1e0b98dc4352f30290"
  dependencies:
    "@zeit/ncc" "^0.22.3"
    glob-exec "^0.1.1"
    lodash "^4.17.20"
    mitt "^1.2.0"
    vscode-languageclient "^6.1.3"
    vscode-languageserver "^6.1.1"
    vscode-languageserver-protocol "^3.15.3"

coc-tailwindcss@>=0.7.0:
  version "0.7.0"
  resolved "https://registry.yarnpkg.com/coc-tailwindcss/-/coc-tailwindcss-0.7.0.tgz#b343461dbc1d80968eb3e9e6b15975381cec7143"
  integrity sha512-zCSiiYAhr6B2yVgKEQzjXtkg+pC6OjFdGB7VKNCAEydiRh+/xVzcJ7GsmkAaFQYadxHdpfwUsmJyNlprOuaYeQ==
  dependencies:
    rustywind "^0.6.5"

coc-tsserver@>=1.8.6:
  version "1.9.6"
  resolved "https://registry.yarnpkg.com/coc-tsserver/-/coc-tsserver-1.9.6.tgz#41e2dffb0b0aec771eb18299e55af923e85d69c6"
  integrity sha512-FjPeDPX0BlI7FbREHMsNYKhHWfvpbIoXkwAn+FhPB57DSaDPaW4nV7qCzAhRIL1Z7yAea6K31LX7dTuf7akKnQ==
  dependencies:
    typescript "^4.5.4"

concat-map@0.0.1:
  version "0.0.1"
  resolved "https://registry.yarnpkg.com/concat-map/-/concat-map-0.0.1.tgz#d8a96bd77fd68df7793a73036a3ba0d5405d477b"
  integrity sha1-2Klr13/Wjfd5OnMDajug1UBdR3s=

fs.realpath@^1.0.0:
  version "1.0.0"
  resolved "https://registry.yarnpkg.com/fs.realpath/-/fs.realpath-1.0.0.tgz#1504ad2523158caa40db4a2787cb01411994ea4f"
  integrity sha1-FQStJSMVjKpA20onh8sBQRmU6k8=

glob-exec@^0.1.1:
  version "0.1.1"
  resolved "https://registry.yarnpkg.com/glob-exec/-/glob-exec-0.1.1.tgz#d7bd878e867d6b925ea056baecc56271ba5e6713"
  integrity sha1-172HjoZ9a5JeoFa67MVicbpeZxM=
  dependencies:
    glob "7.1.X"
    subarg "1.0.X"

glob@7.1.X:
  version "7.1.7"
  resolved "https://registry.yarnpkg.com/glob/-/glob-7.1.7.tgz#3b193e9233f01d42d0b3f78294bbeeb418f94a90"
  integrity sha512-OvD9ENzPLbegENnYP5UUfJIirTg4+XwMWGaQfQTY0JenxNvvIKP3U3/tAQSPIu/lHxXYSZmpXlUHeqAIdKzBLQ==
  dependencies:
    fs.realpath "^1.0.0"
    inflight "^1.0.4"
    inherits "2"
    minimatch "^3.0.4"
    once "^1.3.0"
    path-is-absolute "^1.0.0"

inflight@^1.0.4:
  version "1.0.6"
  resolved "https://registry.yarnpkg.com/inflight/-/inflight-1.0.6.tgz#49bd6331d7d02d0c09bc910a1075ba8165b56df9"
  integrity sha1-Sb1jMdfQLQwJvJEKEHW6gWW1bfk=
  dependencies:
    once "^1.3.0"
    wrappy "1"

inherits@2:
  version "2.0.4"
  resolved "https://registry.yarnpkg.com/inherits/-/inherits-2.0.4.tgz#0fa2c64f932917c3433a0ded55363aae37416b7c"
  integrity sha512-k/vGaX4/Yla3WzyMCvTQOXYeIHvqOKtnqBduzTHpzpQZzAskKMhZ2K+EnBiSM9zGSoIFeMpXKxa4dYeZIQqewQ==

jsonc-parser@^1.0.0:
  version "1.0.3"
  resolved "https://registry.yarnpkg.com/jsonc-parser/-/jsonc-parser-1.0.3.tgz#1d53d7160e401a783dbceabaad82473f80e6ad7e"
  integrity sha512-hk/69oAeaIzchq/v3lS50PXuzn5O2ynldopMC+SWBql7J2WtdptfB9dy8Y7+Og5rPkTCpn83zTiO8FMcqlXJ/g==

lodash@^4.17.20:
  version "4.17.21"
  resolved "https://registry.yarnpkg.com/lodash/-/lodash-4.17.21.tgz#679591c564c3bffaae8454cf0b3df370c3d6911c"
  integrity sha512-v2kDEe57lecTulaDIuNTPy3Ry4gLGJ6Z1O3vE1krgXZNrsQ+LFTGHVxVjcXPs17LhbZVGedAJv8XZ1tvj5FvSg==

minimatch@^3.0.4:
  version "3.0.4"
  resolved "https://registry.yarnpkg.com/minimatch/-/minimatch-3.0.4.tgz#5166e286457f03306064be5497e8dbb0c3d32083"
  integrity sha512-yJHVQEhyqPLUTgt9B83PXu6W3rx4MvvHvSUvToogpwoGDOUQ+yDrR0HRot+yOCdCO7u4hX3pWft6kWBBcqh0UA==
  dependencies:
    brace-expansion "^1.1.7"

minimist@^1.1.0:
  version "1.2.6"
  resolved "https://registry.yarnpkg.com/minimist/-/minimist-1.2.6.tgz#8637a5b759ea0d6e98702cfb3a9283323c93af44"
  integrity sha512-Jsjnk4bw3YJqYzbdyBiNsPWHPfO++UGG749Cxs6peCu5Xg4nrena6OVxOYxrQTqww0Jmwt+Ref8rggumkTLz9Q==

mitt@^1.2.0:
  version "1.2.0"
  resolved "https://registry.yarnpkg.com/mitt/-/mitt-1.2.0.tgz#cb24e6569c806e31bd4e3995787fe38a04fdf90d"
  integrity sha512-r6lj77KlwqLhIUku9UWYes7KJtsczvolZkzp8hbaDPPaE24OmWl5s539Mytlj22siEQKosZ26qCBgda2PKwoJw==

once@^1.3.0:
  version "1.4.0"
  resolved "https://registry.yarnpkg.com/once/-/once-1.4.0.tgz#583b1aa775961d4b113ac17d9c50baef9dd76bd1"
  integrity sha1-WDsap3WWHUsROsF9nFC6753Xa9E=
  dependencies:
    wrappy "1"

path-is-absolute@^1.0.0:
  version "1.0.1"
  resolved "https://registry.yarnpkg.com/path-is-absolute/-/path-is-absolute-1.0.1.tgz#174b9268735534ffbc7ace6bf53a5a9e1b5c5f5f"
  integrity sha1-F0uSaHNVNP+8es5r9TpanhtcX18=

pyright@^1.1.232:
  version "1.1.234"
  resolved "https://registry.yarnpkg.com/pyright/-/pyright-1.1.234.tgz#f304666fd9b0676b0e76e5971e4f61ce6c8fdc2d"
  integrity sha512-09aeuMkxJj86Y2BPbAE1xkf6yKalIxq2hZHwBegiryBeLUsGOnpPmBWXD34luTZnQWeni9wllOdaD8xhl+Yh4A==

rustywind@^0.6.5:
  version "0.6.7"
  resolved "https://registry.yarnpkg.com/rustywind/-/rustywind-0.6.7.tgz#0577f888af624e794818dcd8d3050b3c904433a7"
  integrity sha512-lMpCMTKgjUVQndCgVlfMLcsSOoFuJCALN8QDhPXzH+gZoyRemKdm21RwEvgiNxBxyGhHjCBD0PDRNKwhc9TIfw==

semver@^6.3.0:
  version "6.3.0"
  resolved "https://registry.yarnpkg.com/semver/-/semver-6.3.0.tgz#ee0a64c8af5e8ceea67687b133761e1becbd1d3d"
  integrity sha512-b39TBaTSfV6yBrapU89p5fKekE2m/NwnDocOVruQFS1/veMgdzuPcnOM34M6CwxW8jH/lxEa5rBoDeUwu5HHTw==

subarg@1.0.X:
  version "1.0.0"
  resolved "https://registry.yarnpkg.com/subarg/-/subarg-1.0.0.tgz#f62cf17581e996b48fc965699f54c06ae268b8d2"
  integrity sha1-9izxdYHplrSPyWVpn1TAauJouNI=
  dependencies:
    minimist "^1.1.0"

typescript-styled-plugin@^0.17.0:
  version "0.17.0"
  resolved "https://registry.yarnpkg.com/typescript-styled-plugin/-/typescript-styled-plugin-0.17.0.tgz#00f10d7291b2a359c0c7c054cc89ae41e6f4f4d5"
  integrity sha512-w0wu8cjQcYDVLwQXDLhXhw6HWsZ6ALaR5nXKyvK0EGQ6ZpkUE2pp0q9/y3CEPiXnB+aCee3qQX59IPrGEG42cQ==
  dependencies:
    typescript-template-language-service-decorator "^2.2.0"
    vscode-css-languageservice "^5.1.1"
    vscode-emmet-helper "1.2.11"
    vscode-languageserver-types "^3.16.0"

typescript-template-language-service-decorator@^2.2.0:
  version "2.2.0"
  resolved "https://registry.yarnpkg.com/typescript-template-language-service-decorator/-/typescript-template-language-service-decorator-2.2.0.tgz#4ee6d580f307fb9239978e69626f2775b8a59b2a"
  integrity sha512-xiolqt1i7e22rpqMaprPgSFVgU64u3b9n6EJlAaUYE61jumipKAdI1+O5khPlWslpTUj80YzjUKjJ2jxT0D74w==

typescript@^4.3, typescript@^4.5.4:
  version "4.5.4"
  resolved "https://registry.yarnpkg.com/typescript/-/typescript-4.5.4.tgz#a17d3a0263bf5c8723b9c52f43c5084edf13c2e8"
  integrity sha512-VgYs2A2QIRuGphtzFV7aQJduJ2gyfTljngLzjpfW9FoYZF6xuw1W0vW9ghCKLfcWrCFxK81CSGRAvS1pn4fIUg==

vscode-css-languageservice@^5.1.1:
  version "5.1.9"
  resolved "https://registry.yarnpkg.com/vscode-css-languageservice/-/vscode-css-languageservice-5.1.9.tgz#9d473e5c61fa6d4d62719d9b8715ff6c644bf14e"
  integrity sha512-/tFOWeZBL3Oc9Zc+2MAi3rEwiXJTSZsvjB+M7nSjWLbGPUIjukUA7YzLgsBoUfR35sPJYnXWUkL56PdfIYM8GA==
  dependencies:
    vscode-languageserver-textdocument "^1.0.1"
    vscode-languageserver-types "^3.16.0"
    vscode-nls "^5.0.0"
    vscode-uri "^3.0.2"

vscode-emmet-helper@1.2.11:
  version "1.2.11"
  resolved "https://registry.yarnpkg.com/vscode-emmet-helper/-/vscode-emmet-helper-1.2.11.tgz#4de78223666bf917eb6dc4b225b6c40f6901950c"
  integrity sha512-ms6/Z9TfNbjXS8r/KgbGxrNrFlu4RcIfVJxTZ2yFi0K4gn+Ka9X1+8cXvb5+5IOBGUrOsPjR0BuefdDkG+CKbQ==
  dependencies:
    "@emmetio/extract-abbreviation" "0.1.6"
    jsonc-parser "^1.0.0"
    vscode-languageserver-types "^3.6.0-next.1"

vscode-jsonrpc@6.0.0:
  version "6.0.0"
  resolved "https://registry.yarnpkg.com/vscode-jsonrpc/-/vscode-jsonrpc-6.0.0.tgz#108bdb09b4400705176b957ceca9e0880e9b6d4e"
  integrity sha512-wnJA4BnEjOSyFMvjZdpiOwhSq9uDoK8e/kpRJDTaMYzwlkrhG1fwDIZI94CLsLzlCK5cIbMMtFlJlfR57Lavmg==

vscode-jsonrpc@^5.0.1:
  version "5.0.1"
  resolved "https://registry.yarnpkg.com/vscode-jsonrpc/-/vscode-jsonrpc-5.0.1.tgz#9bab9c330d89f43fc8c1e8702b5c36e058a01794"
  integrity sha512-JvONPptw3GAQGXlVV2utDcHx0BiY34FupW/kI6mZ5x06ER5DdPG/tXWMVHjTNULF5uKPOUUD0SaXg5QaubJL0A==

vscode-languageclient@^6.1.3:
  version "6.1.4"
  resolved "https://registry.yarnpkg.com/vscode-languageclient/-/vscode-languageclient-6.1.4.tgz#54aa8b1559ae2e0499cb6ab746cc2662fb6ecc0f"
  integrity sha512-EUOU+bJu6axmt0RFNo3nrglQLPXMfanbYViJee3Fbn2VuQoX0ZOI4uTYhSRvYLP2vfwTP/juV62P/mksCdTZMA==
  dependencies:
    semver "^6.3.0"
    vscode-languageserver-protocol "3.15.3"

vscode-languageserver-protocol@3.15.3:
  version "3.15.3"
  resolved "https://registry.yarnpkg.com/vscode-languageserver-protocol/-/vscode-languageserver-protocol-3.15.3.tgz#3fa9a0702d742cf7883cb6182a6212fcd0a1d8bb"
  integrity sha512-zrMuwHOAQRhjDSnflWdJG+O2ztMWss8GqUUB8dXLR/FPenwkiBNkMIJJYfSN6sgskvsF0rHAoBowNQfbyZnnvw==
  dependencies:
    vscode-jsonrpc "^5.0.1"
    vscode-languageserver-types "3.15.1"

vscode-languageserver-protocol@^3.15.3:
  version "3.16.0"
  resolved "https://registry.yarnpkg.com/vscode-languageserver-protocol/-/vscode-languageserver-protocol-3.16.0.tgz#34135b61a9091db972188a07d337406a3cdbe821"
  integrity sha512-sdeUoAawceQdgIfTI+sdcwkiK2KU+2cbEYA0agzM2uqaUy2UpnnGHtWTHVEtS0ES4zHU0eMFRGN+oQgDxlD66A==
  dependencies:
    vscode-jsonrpc "6.0.0"
    vscode-languageserver-types "3.16.0"

vscode-languageserver-textdocument@^1.0.1:
  version "1.0.3"
  resolved "https://registry.yarnpkg.com/vscode-languageserver-textdocument/-/vscode-languageserver-textdocument-1.0.3.tgz#879f2649bfa5a6e07bc8b392c23ede2dfbf43eff"
  integrity sha512-ynEGytvgTb6HVSUwPJIAZgiHQmPCx8bZ8w5um5Lz+q5DjP0Zj8wTFhQpyg8xaMvefDytw2+HH5yzqS+FhsR28A==

vscode-languageserver-types@3.15.1:
  version "3.15.1"
  resolved "https://registry.yarnpkg.com/vscode-languageserver-types/-/vscode-languageserver-types-3.15.1.tgz#17be71d78d2f6236d414f0001ce1ef4d23e6b6de"
  integrity sha512-+a9MPUQrNGRrGU630OGbYVQ+11iOIovjCkqxajPa9w57Sd5ruK8WQNsslzpa0x/QJqC8kRc2DUxWjIFwoNm4ZQ==

vscode-languageserver-types@3.16.0, vscode-languageserver-types@^3.16.0, vscode-languageserver-types@^3.6.0-next.1:
  version "3.16.0"
  resolved "https://registry.yarnpkg.com/vscode-languageserver-types/-/vscode-languageserver-types-3.16.0.tgz#ecf393fc121ec6974b2da3efb3155644c514e247"
  integrity sha512-k8luDIWJWyenLc5ToFQQMaSrqCHiLwyKPHKPQZ5zz21vM+vIVUSvsRpcbiECH4WR88K2XZqc4ScRcZ7nk/jbeA==

vscode-languageserver@^6.1.1:
  version "6.1.1"
  resolved "https://registry.yarnpkg.com/vscode-languageserver/-/vscode-languageserver-6.1.1.tgz#d76afc68172c27d4327ee74332b468fbc740d762"
  integrity sha512-DueEpkUAkD5XTR4MLYNr6bQIp/UFR0/IPApgXU3YfCBCB08u2sm9hRCs6DxYZELkk++STPjpcjksR2H8qI3cDQ==
  dependencies:
    vscode-languageserver-protocol "^3.15.3"

vscode-nls@^5.0.0:
  version "5.0.0"
  resolved "https://registry.yarnpkg.com/vscode-nls/-/vscode-nls-5.0.0.tgz#99f0da0bd9ea7cda44e565a74c54b1f2bc257840"
  integrity sha512-u0Lw+IYlgbEJFF6/qAqG2d1jQmJl0eyAGJHoAJqr2HT4M2BNuQYSEiSE75f52pXHSJm8AlTjnLLbBFPrdz2hpA==

vscode-uri@^3.0.2:
  version "3.0.3"
  resolved "https://registry.yarnpkg.com/vscode-uri/-/vscode-uri-3.0.3.tgz#a95c1ce2e6f41b7549f86279d19f47951e4f4d84"
  integrity sha512-EcswR2S8bpR7fD0YPeS7r2xXExrScVMxg4MedACaWHEtx9ftCF/qHG1xGkolzTPcEmjTavCQgbVzHUIdTMzFGA==

wrappy@1:
  version "1.0.2"
  resolved "https://registry.yarnpkg.com/wrappy/-/wrappy-1.0.2.tgz#b5243d8f3ec1aa35f1364605bc0d1036e30ab69f"
  integrity sha1-tSQ9jz7BqjXxNkYFvA0QNuMKtp8=
